
Microsoft Visual Studio Solution File, Format Version 12.00
# Visual Studio Version 17
VisualStudioVersion = 17.1.32407.343
MinimumVisualStudioVersion = 10.0.40219.1
Project("{8BC9CEB8-8B4A-11D0-8D11-00A0C91BC942}") = "Final Reseau Serveur", "Serveur\Final Reseau.vcxproj", "{CA78F606-BE76-426F-A93E-82A05BC71753}"
EndProject
Project("{8BC9CEB8-8B4A-11D0-8D11-00A0C91BC942}") = "Final Reseau Client", "Client\Final Reseau Client.vcxproj", "{BB94C33F-1EE2-43AE-9C73-EECB35944CEA}"
EndProject
Global
	GlobalSection(SolutionConfigurationPlatforms) = preSolution
		Debug|x64 = Debug|x64
		Debug|x86 = Debug|x86
		Release|x64 = Release|x64
		Release|x86 = Release|x86
	EndGlobalSection
	GlobalSection(ProjectConfigurationPlatforms) = postSolution
		{CA78F606-BE76-426F-A93E-82A05BC71753}.Debug|x64.ActiveCfg = Debug|x64
		{CA78F606-BE76-426F-A93E-82A05BC71753}.Debug|x64.Build.0 = Debug|x64
		{CA78F606-BE76-426F-A93E-82A05BC71753}.Debug|x86.ActiveCfg = Debug|Win32
		{CA78F606-BE76-426F-A93E-82A05BC71753}.Debug|x86.Build.0 = Debug|Win32
		{CA78F606-BE76-426F-A93E-82A05BC71753}.Release|x64.ActiveCfg = Release|x64
		{CA78F606-BE76-426F-A93E-82A05BC71753}.Release|x64.Build.0 = Release|x64
		{CA78F606-BE76-426F-A93E-82A05BC71753}.Release|x86.ActiveCfg = Release|Win32
		{CA78F606-BE76-426F-A93E-82A05BC71753}.Release|x86.Build.0 = Release|Win32
		{BB94C33F-1EE2-43AE-9C73-EECB35944CEA}.Debug|x64.ActiveCfg = Debug|x64
		{BB94C33F-1EE2-43AE-9C73-EECB35944CEA}.Debug|x64.Build.0 = Debug|x64
		{BB94C33F-1EE2-43AE-9C73-EECB35944CEA}.Debug|x86.ActiveCfg = Debug|Win32
		{BB94C33F-1EE2-43AE-9C73-EECB35944CEA}.Debug|x86.Build.0 = Debug|Win32
		{BB94C33F-1EE2-43AE-9C73-EECB35944CEA}.Release|x64.ActiveCfg = Release|x64
		{BB94C33F-1EE2-43AE-9C73-EECB35944CEA}.Release|x64.Build.0 = Release|x64
		{BB94C33F-1EE2-43AE-9C73-EECB35944CEA}.Release|x86.ActiveCfg = Release|Win32
		{BB94C33F-1EE2-43AE-9C73-EECB35944CEA}.Release|x86.Build.0 = Release|Win32
	EndGlobalSection
	GlobalSection(SolutionProperties) = preSolution
		HideSolutionNode = FALSE
	EndGlobalSection
	GlobalSection(ExtensibilityGlobals) = postSolution
		SolutionGuid = {452C2375-5E9D-487A-847D-79CFE42D838F}
	EndGlobalSection
EndGlobal
